<?xml version="1.0" encoding="UTF-8"?>
<!DOCTYPE plist PUBLIC "-//Apple//DTD PLIST 1.0//EN" "http://www.apple.com/DTDs/PropertyList-1.0.dtd">
<plist version="1.0">
<dict>
	<key>archiveVersion</key>
	<string>1</string>
	<key>classes</key>
	<dict/>
	<key>objectVersion</key>
	<string>46</string>
	<key>objects</key>
	<dict>
		<key>3C3134405CE3F2E1483FBDC1</key>
		<dict>
			<key>fileEncoding</key>
			<string>4</string>
			<key>isa</key>
			<string>PBXFileReference</string>
			<key>lastKnownFileType</key>
			<string>sourcecode.c.objc</string>
			<key>path</key>
			<string>HTViewController.m</string>
			<key>sourceTree</key>
			<string>&lt;group&gt;</string>
		</dict>
		<key>3C3135C608F7A687C0B24401</key>
		<dict>
			<key>fileEncoding</key>
			<string>4</string>
			<key>isa</key>
			<string>PBXFileReference</string>
			<key>lastKnownFileType</key>
			<string>sourcecode.c.h</string>
			<key>path</key>
			<string>HTViewController.h</string>
			<key>sourceTree</key>
			<string>&lt;group&gt;</string>
		</dict>
		<key>3C3135EA26C14E5229C2F160</key>
		<dict>
			<key>fileRef</key>
			<string>3C3134405CE3F2E1483FBDC1</string>
			<key>isa</key>
			<string>PBXBuildFile</string>
		</dict>
		<key>3C313977C79085CA75E55C12</key>
		<dict>
			<key>children</key>
			<array>
				<string>3C3135C608F7A687C0B24401</string>
				<string>3C3134405CE3F2E1483FBDC1</string>
			</array>
			<key>isa</key>
			<string>PBXGroup</string>
			<key>path</key>
			<string>controllers</string>
			<key>sourceTree</key>
			<string>&lt;group&gt;</string>
		</dict>
		<key>554A9AACCE634F5CB9ED2250</key>
		<dict>
			<key>buildActionMask</key>
			<string>2147483647</string>
			<key>files</key>
			<array/>
			<key>inputPaths</key>
			<array/>
			<key>isa</key>
			<string>PBXShellScriptBuildPhase</string>
			<key>name</key>
			<string>Check Pods Manifest.lock</string>
			<key>outputPaths</key>
			<array/>
			<key>runOnlyForDeploymentPostprocessing</key>
			<string>0</string>
			<key>shellPath</key>
			<string>/bin/sh</string>
			<key>shellScript</key>
			<string>diff "${PODS_ROOT}/../Podfile.lock" "${PODS_ROOT}/Manifest.lock" &gt; /dev/null
if [[ $? != 0 ]] ; then
    cat &lt;&lt; EOM
error: The sandbox is not in sync with the Podfile.lock. Run 'pod install' or update your CocoaPods installation.
EOM
    exit 1
fi
</string>
			<key>showEnvVarsInLog</key>
			<string>1</string>
		</dict>
		<key>629B2A1203DC4536A643D217</key>
		<dict>
			<key>explicitFileType</key>
			<string>archive.ar</string>
			<key>includeInIndex</key>
			<string>0</string>
			<key>isa</key>
			<string>PBXFileReference</string>
			<key>name</key>
			<string>libPods.a</string>
			<key>path</key>
			<string>libPods.a</string>
			<key>sourceTree</key>
			<string>BUILT_PRODUCTS_DIR</string>
		</dict>
		<key>84CD94C7175FA31500FF737E</key>
		<dict>
			<key>children</key>
			<array>
				<string>84CD94D9175FA31500FF737E</string>
				<string>84CD94FD175FA31500FF737E</string>
				<string>84CD94D2175FA31500FF737E</string>
				<string>84CD94D1175FA31500FF737E</string>
				<string>96220D58BFBE451690C8BF32</string>
			</array>
			<key>isa</key>
			<string>PBXGroup</string>
			<key>sourceTree</key>
			<string>&lt;group&gt;</string>
		</dict>
		<key>84CD94C8175FA31500FF737E</key>
		<dict>
			<key>attributes</key>
			<dict>
				<key>CLASSPREFIX</key>
				<string>HT</string>
				<key>LastUpgradeCheck</key>
				<string>0460</string>
				<key>ORGANIZATIONNAME</key>
				<string>HTech</string>
			</dict>
			<key>buildConfigurationList</key>
			<string>84CD94CB175FA31500FF737E</string>
			<key>compatibilityVersion</key>
			<string>Xcode 3.2</string>
			<key>developmentRegion</key>
			<string>English</string>
			<key>hasScannedForEncodings</key>
			<string>0</string>
			<key>isa</key>
			<string>PBXProject</string>
			<key>knownRegions</key>
			<array>
				<string>en</string>
			</array>
			<key>mainGroup</key>
			<string>84CD94C7175FA31500FF737E</string>
			<key>productRefGroup</key>
			<string>84CD94D1175FA31500FF737E</string>
			<key>projectDirPath</key>
			<string></string>
			<key>projectReferences</key>
			<array/>
			<key>projectRoot</key>
			<string></string>
			<key>targets</key>
			<array>
				<string>84CD94CF175FA31500FF737E</string>
				<string>84CD94F5175FA31500FF737E</string>
			</array>
		</dict>
		<key>84CD94CB175FA31500FF737E</key>
		<dict>
			<key>buildConfigurations</key>
			<array>
				<string>84CD9506175FA31500FF737E</string>
				<string>84CD9507175FA31500FF737E</string>
			</array>
			<key>defaultConfigurationIsVisible</key>
			<string>0</string>
			<key>defaultConfigurationName</key>
			<string>Release</string>
			<key>isa</key>
			<string>XCConfigurationList</string>
		</dict>
		<key>84CD94CC175FA31500FF737E</key>
		<dict>
			<key>buildActionMask</key>
			<string>2147483647</string>
			<key>files</key>
			<array>
				<string>84CD94E0175FA31500FF737E</string>
				<string>84CD94E4175FA31500FF737E</string>
				<string>3C3135EA26C14E5229C2F160</string>
			</array>
			<key>isa</key>
			<string>PBXSourcesBuildPhase</string>
			<key>runOnlyForDeploymentPostprocessing</key>
			<string>0</string>
		</dict>
		<key>84CD94CD175FA31500FF737E</key>
		<dict>
			<key>buildActionMask</key>
			<string>2147483647</string>
			<key>files</key>
			<array>
				<string>84CD94D4175FA31500FF737E</string>
				<string>84CD94D6175FA31500FF737E</string>
				<string>84CD94D8175FA31500FF737E</string>
				<string>900B3E3DAB0F4E3F85CD019F</string>
			</array>
			<key>isa</key>
			<string>PBXFrameworksBuildPhase</string>
			<key>runOnlyForDeploymentPostprocessing</key>
			<string>0</string>
		</dict>
		<key>84CD94CE175FA31500FF737E</key>
		<dict>
			<key>buildActionMask</key>
			<string>2147483647</string>
			<key>files</key>
			<array>
				<string>84CD94DE175FA31500FF737E</string>
				<string>84CD94E6175FA31500FF737E</string>
				<string>84CD94E8175FA31500FF737E</string>
				<string>84CD94EA175FA31500FF737E</string>
				<string>84CD94ED175FA31500FF737E</string>
			</array>
			<key>isa</key>
			<string>PBXResourcesBuildPhase</string>
			<key>runOnlyForDeploymentPostprocessing</key>
			<string>0</string>
		</dict>
		<key>84CD94CF175FA31500FF737E</key>
		<dict>
			<key>buildConfigurationList</key>
			<string>84CD9508175FA31500FF737E</string>
			<key>buildPhases</key>
			<array>
				<string>554A9AACCE634F5CB9ED2250</string>
				<string>84CD94CC175FA31500FF737E</string>
				<string>84CD94CD175FA31500FF737E</string>
				<string>84CD94CE175FA31500FF737E</string>
				<string>F4C5D70232EA4FD78DD79E7F</string>
			</array>
			<key>buildRules</key>
			<array/>
			<key>dependencies</key>
			<array/>
			<key>isa</key>
			<string>PBXNativeTarget</string>
			<key>name</key>
			<string>SpreeMob</string>
			<key>productName</key>
			<string>SpreeMob</string>
			<key>productReference</key>
			<string>84CD94D0175FA31500FF737E</string>
			<key>productType</key>
			<string>com.apple.product-type.application</string>
		</dict>
		<key>84CD94D0175FA31500FF737E</key>
		<dict>
			<key>explicitFileType</key>
			<string>wrapper.application</string>
			<key>includeInIndex</key>
			<string>0</string>
			<key>isa</key>
			<string>PBXFileReference</string>
			<key>path</key>
			<string>SpreeMob.app</string>
			<key>sourceTree</key>
			<string>BUILT_PRODUCTS_DIR</string>
		</dict>
		<key>84CD94D1175FA31500FF737E</key>
		<dict>
			<key>children</key>
			<array>
				<string>84CD94D0175FA31500FF737E</string>
				<string>84CD94F6175FA31500FF737E</string>
			</array>
			<key>isa</key>
			<string>PBXGroup</string>
			<key>name</key>
			<string>Products</string>
			<key>sourceTree</key>
			<string>&lt;group&gt;</string>
		</dict>
		<key>84CD94D2175FA31500FF737E</key>
		<dict>
			<key>children</key>
			<array>
				<string>84CD94D3175FA31500FF737E</string>
				<string>84CD94D5175FA31500FF737E</string>
				<string>84CD94D7175FA31500FF737E</string>
				<string>84CD94F7175FA31500FF737E</string>
				<string>629B2A1203DC4536A643D217</string>
			</array>
			<key>isa</key>
			<string>PBXGroup</string>
			<key>name</key>
			<string>Frameworks</string>
			<key>sourceTree</key>
			<string>&lt;group&gt;</string>
		</dict>
		<key>84CD94D3175FA31500FF737E</key>
		<dict>
			<key>isa</key>
			<string>PBXFileReference</string>
			<key>lastKnownFileType</key>
			<string>wrapper.framework</string>
			<key>name</key>
			<string>UIKit.framework</string>
			<key>path</key>
			<string>System/Library/Frameworks/UIKit.framework</string>
			<key>sourceTree</key>
			<string>SDKROOT</string>
		</dict>
		<key>84CD94D4175FA31500FF737E</key>
		<dict>
			<key>fileRef</key>
			<string>84CD94D3175FA31500FF737E</string>
			<key>isa</key>
			<string>PBXBuildFile</string>
		</dict>
		<key>84CD94D5175FA31500FF737E</key>
		<dict>
			<key>isa</key>
			<string>PBXFileReference</string>
			<key>lastKnownFileType</key>
			<string>wrapper.framework</string>
			<key>name</key>
			<string>Foundation.framework</string>
			<key>path</key>
			<string>System/Library/Frameworks/Foundation.framework</string>
			<key>sourceTree</key>
			<string>SDKROOT</string>
		</dict>
		<key>84CD94D6175FA31500FF737E</key>
		<dict>
			<key>fileRef</key>
			<string>84CD94D5175FA31500FF737E</string>
			<key>isa</key>
			<string>PBXBuildFile</string>
		</dict>
		<key>84CD94D7175FA31500FF737E</key>
		<dict>
			<key>isa</key>
			<string>PBXFileReference</string>
			<key>lastKnownFileType</key>
			<string>wrapper.framework</string>
			<key>name</key>
			<string>CoreGraphics.framework</string>
			<key>path</key>
			<string>System/Library/Frameworks/CoreGraphics.framework</string>
			<key>sourceTree</key>
			<string>SDKROOT</string>
		</dict>
		<key>84CD94D8175FA31500FF737E</key>
		<dict>
			<key>fileRef</key>
			<string>84CD94D7175FA31500FF737E</string>
			<key>isa</key>
			<string>PBXBuildFile</string>
		</dict>
		<key>84CD94D9175FA31500FF737E</key>
		<dict>
			<key>children</key>
			<array>
				<string>84CD94EB175FA31500FF737E</string>
				<string>84CD94DA175FA31500FF737E</string>
				<string>3C313977C79085CA75E55C12</string>
			</array>
			<key>isa</key>
			<string>PBXGroup</string>
			<key>path</key>
			<string>SpreeMob</string>
			<key>sourceTree</key>
			<string>&lt;group&gt;</string>
		</dict>
		<key>84CD94DA175FA31500FF737E</key>
		<dict>
			<key>children</key>
			<array>
				<string>84CD94E2175FA31500FF737E</string>
				<string>84CD94E3175FA31500FF737E</string>
				<string>84CD94DB175FA31500FF737E</string>
				<string>84CD94DC175FA31500FF737E</string>
				<string>84CD94DF175FA31500FF737E</string>
				<string>84CD94E1175FA31500FF737E</string>
				<string>84CD94E5175FA31500FF737E</string>
				<string>84CD94E7175FA31500FF737E</string>
				<string>84CD94E9175FA31500FF737E</string>
			</array>
			<key>isa</key>
			<string>PBXGroup</string>
			<key>name</key>
			<string>Supporting Files</string>
			<key>sourceTree</key>
			<string>&lt;group&gt;</string>
		</dict>
		<key>84CD94DB175FA31500FF737E</key>
		<dict>
			<key>isa</key>
			<string>PBXFileReference</string>
			<key>lastKnownFileType</key>
			<string>text.plist.xml</string>
			<key>path</key>
			<string>SpreeMob-Info.plist</string>
			<key>sourceTree</key>
			<string>&lt;group&gt;</string>
		</dict>
		<key>84CD94DC175FA31500FF737E</key>
		<dict>
			<key>children</key>
			<array>
				<string>84CD94DD175FA31500FF737E</string>
			</array>
			<key>isa</key>
			<string>PBXVariantGroup</string>
			<key>name</key>
			<string>InfoPlist.strings</string>
			<key>sourceTree</key>
			<string>&lt;group&gt;</string>
		</dict>
		<key>84CD94DD175FA31500FF737E</key>
		<dict>
			<key>isa</key>
			<string>PBXFileReference</string>
			<key>lastKnownFileType</key>
			<string>text.plist.strings</string>
			<key>name</key>
			<string>en</string>
			<key>path</key>
			<string>en.lproj/InfoPlist.strings</string>
			<key>sourceTree</key>
			<string>&lt;group&gt;</string>
		</dict>
		<key>84CD94DE175FA31500FF737E</key>
		<dict>
			<key>fileRef</key>
			<string>84CD94DC175FA31500FF737E</string>
			<key>isa</key>
			<string>PBXBuildFile</string>
		</dict>
		<key>84CD94DF175FA31500FF737E</key>
		<dict>
			<key>isa</key>
			<string>PBXFileReference</string>
			<key>lastKnownFileType</key>
			<string>sourcecode.c.objc</string>
			<key>path</key>
			<string>main.m</string>
			<key>sourceTree</key>
			<string>&lt;group&gt;</string>
		</dict>
		<key>84CD94E0175FA31500FF737E</key>
		<dict>
			<key>fileRef</key>
			<string>84CD94DF175FA31500FF737E</string>
			<key>isa</key>
			<string>PBXBuildFile</string>
		</dict>
		<key>84CD94E1175FA31500FF737E</key>
		<dict>
			<key>isa</key>
			<string>PBXFileReference</string>
			<key>lastKnownFileType</key>
			<string>sourcecode.c.h</string>
			<key>path</key>
			<string>SpreeMob-Prefix.pch</string>
			<key>sourceTree</key>
			<string>&lt;group&gt;</string>
		</dict>
		<key>84CD94E2175FA31500FF737E</key>
		<dict>
			<key>isa</key>
			<string>PBXFileReference</string>
			<key>lastKnownFileType</key>
			<string>sourcecode.c.h</string>
			<key>path</key>
			<string>HTAppDelegate.h</string>
			<key>sourceTree</key>
			<string>&lt;group&gt;</string>
		</dict>
		<key>84CD94E3175FA31500FF737E</key>
		<dict>
			<key>isa</key>
			<string>PBXFileReference</string>
			<key>lastKnownFileType</key>
			<string>sourcecode.c.objc</string>
			<key>path</key>
			<string>HTAppDelegate.m</string>
			<key>sourceTree</key>
			<string>&lt;group&gt;</string>
		</dict>
		<key>84CD94E4175FA31500FF737E</key>
		<dict>
			<key>fileRef</key>
			<string>84CD94E3175FA31500FF737E</string>
			<key>isa</key>
			<string>PBXBuildFile</string>
		</dict>
		<key>84CD94E5175FA31500FF737E</key>
		<dict>
			<key>isa</key>
			<string>PBXFileReference</string>
			<key>lastKnownFileType</key>
			<string>image.png</string>
			<key>path</key>
			<string>Default.png</string>
			<key>sourceTree</key>
			<string>&lt;group&gt;</string>
		</dict>
		<key>84CD94E6175FA31500FF737E</key>
		<dict>
			<key>fileRef</key>
			<string>84CD94E5175FA31500FF737E</string>
			<key>isa</key>
			<string>PBXBuildFile</string>
		</dict>
		<key>84CD94E7175FA31500FF737E</key>
		<dict>
			<key>isa</key>
			<string>PBXFileReference</string>
			<key>lastKnownFileType</key>
			<string>image.png</string>
			<key>path</key>
			<string>Default@2x.png</string>
			<key>sourceTree</key>
			<string>&lt;group&gt;</string>
		</dict>
		<key>84CD94E8175FA31500FF737E</key>
		<dict>
			<key>fileRef</key>
			<string>84CD94E7175FA31500FF737E</string>
			<key>isa</key>
			<string>PBXBuildFile</string>
		</dict>
		<key>84CD94E9175FA31500FF737E</key>
		<dict>
			<key>isa</key>
			<string>PBXFileReference</string>
			<key>lastKnownFileType</key>
			<string>image.png</string>
			<key>path</key>
			<string>Default-568h@2x.png</string>
			<key>sourceTree</key>
			<string>&lt;group&gt;</string>
		</dict>
		<key>84CD94EA175FA31500FF737E</key>
		<dict>
			<key>fileRef</key>
			<string>84CD94E9175FA31500FF737E</string>
			<key>isa</key>
			<string>PBXBuildFile</string>
		</dict>
		<key>84CD94EB175FA31500FF737E</key>
		<dict>
			<key>children</key>
			<array>
				<string>84CD94EC175FA31500FF737E</string>
			</array>
			<key>isa</key>
			<string>PBXVariantGroup</string>
			<key>name</key>
			<string>MainStoryboard.storyboard</string>
			<key>sourceTree</key>
			<string>&lt;group&gt;</string>
		</dict>
		<key>84CD94EC175FA31500FF737E</key>
		<dict>
			<key>isa</key>
			<string>PBXFileReference</string>
			<key>lastKnownFileType</key>
			<string>file.storyboard</string>
			<key>name</key>
			<string>en</string>
			<key>path</key>
			<string>en.lproj/MainStoryboard.storyboard</string>
			<key>sourceTree</key>
			<string>&lt;group&gt;</string>
		</dict>
		<key>84CD94ED175FA31500FF737E</key>
		<dict>
			<key>fileRef</key>
			<string>84CD94EB175FA31500FF737E</string>
			<key>isa</key>
			<string>PBXBuildFile</string>
		</dict>
		<key>84CD94F1175FA31500FF737E</key>
		<dict>
			<key>buildActionMask</key>
			<string>2147483647</string>
			<key>files</key>
			<array>
				<string>84CD9505175FA31500FF737E</string>
			</array>
			<key>isa</key>
			<string>PBXSourcesBuildPhase</string>
			<key>runOnlyForDeploymentPostprocessing</key>
			<string>0</string>
		</dict>
		<key>84CD94F2175FA31500FF737E</key>
		<dict>
			<key>buildActionMask</key>
			<string>2147483647</string>
			<key>files</key>
			<array>
				<string>84CD94F8175FA31500FF737E</string>
				<string>84CD94F9175FA31500FF737E</string>
				<string>84CD94FA175FA31500FF737E</string>
			</array>
			<key>isa</key>
			<string>PBXFrameworksBuildPhase</string>
			<key>runOnlyForDeploymentPostprocessing</key>
			<string>0</string>
		</dict>
		<key>84CD94F3175FA31500FF737E</key>
		<dict>
			<key>buildActionMask</key>
			<string>2147483647</string>
			<key>files</key>
			<array>
				<string>84CD9502175FA31500FF737E</string>
			</array>
			<key>isa</key>
			<string>PBXResourcesBuildPhase</string>
			<key>runOnlyForDeploymentPostprocessing</key>
			<string>0</string>
		</dict>
		<key>84CD94F4175FA31500FF737E</key>
		<dict>
			<key>buildActionMask</key>
			<string>2147483647</string>
			<key>files</key>
			<array/>
			<key>inputPaths</key>
			<array/>
			<key>isa</key>
			<string>PBXShellScriptBuildPhase</string>
			<key>outputPaths</key>
			<array/>
			<key>runOnlyForDeploymentPostprocessing</key>
			<string>0</string>
			<key>shellPath</key>
			<string>/bin/sh</string>
			<key>shellScript</key>
			<string># Run the unit tests in this test bundle.
"${SYSTEM_DEVELOPER_DIR}/Tools/RunUnitTests"
</string>
		</dict>
		<key>84CD94F5175FA31500FF737E</key>
		<dict>
			<key>buildConfigurationList</key>
			<string>84CD950B175FA31500FF737E</string>
			<key>buildPhases</key>
			<array>
				<string>84CD94F1175FA31500FF737E</string>
				<string>84CD94F2175FA31500FF737E</string>
				<string>84CD94F3175FA31500FF737E</string>
				<string>84CD94F4175FA31500FF737E</string>
			</array>
			<key>buildRules</key>
			<array/>
			<key>dependencies</key>
			<array>
				<string>84CD94FC175FA31500FF737E</string>
			</array>
			<key>isa</key>
			<string>PBXNativeTarget</string>
			<key>name</key>
			<string>SpreeMobTests</string>
			<key>productName</key>
			<string>SpreeMobTests</string>
			<key>productReference</key>
			<string>84CD94F6175FA31500FF737E</string>
			<key>productType</key>
			<string>com.apple.product-type.bundle</string>
		</dict>
		<key>84CD94F6175FA31500FF737E</key>
		<dict>
			<key>explicitFileType</key>
			<string>wrapper.cfbundle</string>
			<key>includeInIndex</key>
			<string>0</string>
			<key>isa</key>
			<string>PBXFileReference</string>
			<key>path</key>
			<string>SpreeMobTests.octest</string>
			<key>sourceTree</key>
			<string>BUILT_PRODUCTS_DIR</string>
		</dict>
		<key>84CD94F7175FA31500FF737E</key>
		<dict>
			<key>isa</key>
			<string>PBXFileReference</string>
			<key>lastKnownFileType</key>
			<string>wrapper.framework</string>
			<key>name</key>
			<string>SenTestingKit.framework</string>
			<key>path</key>
			<string>Library/Frameworks/SenTestingKit.framework</string>
			<key>sourceTree</key>
			<string>DEVELOPER_DIR</string>
		</dict>
		<key>84CD94F8175FA31500FF737E</key>
		<dict>
			<key>fileRef</key>
			<string>84CD94F7175FA31500FF737E</string>
			<key>isa</key>
			<string>PBXBuildFile</string>
		</dict>
		<key>84CD94F9175FA31500FF737E</key>
		<dict>
			<key>fileRef</key>
			<string>84CD94D3175FA31500FF737E</string>
			<key>isa</key>
			<string>PBXBuildFile</string>
		</dict>
		<key>84CD94FA175FA31500FF737E</key>
		<dict>
			<key>fileRef</key>
			<string>84CD94D5175FA31500FF737E</string>
			<key>isa</key>
			<string>PBXBuildFile</string>
		</dict>
		<key>84CD94FB175FA31500FF737E</key>
		<dict>
			<key>containerPortal</key>
			<string>84CD94C8175FA31500FF737E</string>
			<key>isa</key>
			<string>PBXContainerItemProxy</string>
			<key>proxyType</key>
			<string>1</string>
			<key>remoteGlobalIDString</key>
			<string>84CD94CF175FA31500FF737E</string>
			<key>remoteInfo</key>
			<string>SpreeMob</string>
		</dict>
		<key>84CD94FC175FA31500FF737E</key>
		<dict>
			<key>isa</key>
			<string>PBXTargetDependency</string>
			<key>target</key>
			<string>84CD94CF175FA31500FF737E</string>
			<key>targetProxy</key>
			<string>84CD94FB175FA31500FF737E</string>
		</dict>
		<key>84CD94FD175FA31500FF737E</key>
		<dict>
			<key>children</key>
			<array>
				<string>84CD9503175FA31500FF737E</string>
				<string>84CD9504175FA31500FF737E</string>
				<string>84CD94FE175FA31500FF737E</string>
			</array>
			<key>isa</key>
			<string>PBXGroup</string>
			<key>path</key>
			<string>SpreeMobTests</string>
			<key>sourceTree</key>
			<string>&lt;group&gt;</string>
		</dict>
		<key>84CD94FE175FA31500FF737E</key>
		<dict>
			<key>children</key>
			<array>
				<string>84CD94FF175FA31500FF737E</string>
				<string>84CD9500175FA31500FF737E</string>
			</array>
			<key>isa</key>
			<string>PBXGroup</string>
			<key>name</key>
			<string>Supporting Files</string>
			<key>sourceTree</key>
			<string>&lt;group&gt;</string>
		</dict>
		<key>84CD94FF175FA31500FF737E</key>
		<dict>
			<key>isa</key>
			<string>PBXFileReference</string>
			<key>lastKnownFileType</key>
			<string>text.plist.xml</string>
			<key>path</key>
			<string>SpreeMobTests-Info.plist</string>
			<key>sourceTree</key>
			<string>&lt;group&gt;</string>
		</dict>
		<key>84CD9500175FA31500FF737E</key>
		<dict>
			<key>children</key>
			<array>
				<string>84CD9501175FA31500FF737E</string>
			</array>
			<key>isa</key>
			<string>PBXVariantGroup</string>
			<key>name</key>
			<string>InfoPlist.strings</string>
			<key>sourceTree</key>
			<string>&lt;group&gt;</string>
		</dict>
		<key>84CD9501175FA31500FF737E</key>
		<dict>
			<key>isa</key>
			<string>PBXFileReference</string>
			<key>lastKnownFileType</key>
			<string>text.plist.strings</string>
			<key>name</key>
			<string>en</string>
			<key>path</key>
			<string>en.lproj/InfoPlist.strings</string>
			<key>sourceTree</key>
			<string>&lt;group&gt;</string>
		</dict>
		<key>84CD9502175FA31500FF737E</key>
		<dict>
			<key>fileRef</key>
			<string>84CD9500175FA31500FF737E</string>
			<key>isa</key>
			<string>PBXBuildFile</string>
		</dict>
		<key>84CD9503175FA31500FF737E</key>
		<dict>
			<key>isa</key>
			<string>PBXFileReference</string>
			<key>lastKnownFileType</key>
			<string>sourcecode.c.h</string>
			<key>path</key>
			<string>SpreeMobTests.h</string>
			<key>sourceTree</key>
			<string>&lt;group&gt;</string>
		</dict>
		<key>84CD9504175FA31500FF737E</key>
		<dict>
			<key>isa</key>
			<string>PBXFileReference</string>
			<key>lastKnownFileType</key>
			<string>sourcecode.c.objc</string>
			<key>path</key>
			<string>SpreeMobTests.m</string>
			<key>sourceTree</key>
			<string>&lt;group&gt;</string>
		</dict>
		<key>84CD9505175FA31500FF737E</key>
		<dict>
			<key>fileRef</key>
			<string>84CD9504175FA31500FF737E</string>
			<key>isa</key>
			<string>PBXBuildFile</string>
		</dict>
		<key>84CD9506175FA31500FF737E</key>
		<dict>
			<key>buildSettings</key>
			<dict>
				<key>ALWAYS_SEARCH_USER_PATHS</key>
				<string>NO</string>
				<key>CLANG_CXX_LANGUAGE_STANDARD</key>
				<string>gnu++0x</string>
				<key>CLANG_CXX_LIBRARY</key>
				<string>libc++</string>
				<key>CLANG_ENABLE_OBJC_ARC</key>
				<string>YES</string>
				<key>CLANG_WARN_CONSTANT_CONVERSION</key>
				<string>YES</string>
				<key>CLANG_WARN_EMPTY_BODY</key>
				<string>YES</string>
				<key>CLANG_WARN_ENUM_CONVERSION</key>
				<string>YES</string>
				<key>CLANG_WARN_INT_CONVERSION</key>
				<string>YES</string>
				<key>CLANG_WARN__DUPLICATE_METHOD_MATCH</key>
				<string>YES</string>
				<key>CODE_SIGN_IDENTITY[sdk=iphoneos*]</key>
				<string>iPhone Developer</string>
				<key>COPY_PHASE_STRIP</key>
				<string>NO</string>
				<key>GCC_C_LANGUAGE_STANDARD</key>
				<string>gnu99</string>
				<key>GCC_DYNAMIC_NO_PIC</key>
				<string>NO</string>
				<key>GCC_OPTIMIZATION_LEVEL</key>
				<string>0</string>
				<key>GCC_PREPROCESSOR_DEFINITIONS</key>
				<array>
					<string>DEBUG=1</string>
					<string>$(inherited)</string>
				</array>
				<key>GCC_SYMBOLS_PRIVATE_EXTERN</key>
				<string>NO</string>
				<key>GCC_WARN_ABOUT_RETURN_TYPE</key>
				<string>YES</string>
				<key>GCC_WARN_UNINITIALIZED_AUTOS</key>
				<string>YES</string>
				<key>GCC_WARN_UNUSED_VARIABLE</key>
				<string>YES</string>
				<key>IPHONEOS_DEPLOYMENT_TARGET</key>
				<string>6.1</string>
				<key>ONLY_ACTIVE_ARCH</key>
				<string>YES</string>
				<key>SDKROOT</key>
				<string>iphoneos</string>
			</dict>
			<key>isa</key>
			<string>XCBuildConfiguration</string>
			<key>name</key>
			<string>Debug</string>
		</dict>
		<key>84CD9507175FA31500FF737E</key>
		<dict>
			<key>buildSettings</key>
			<dict>
				<key>ALWAYS_SEARCH_USER_PATHS</key>
				<string>NO</string>
				<key>CLANG_CXX_LANGUAGE_STANDARD</key>
				<string>gnu++0x</string>
				<key>CLANG_CXX_LIBRARY</key>
				<string>libc++</string>
				<key>CLANG_ENABLE_OBJC_ARC</key>
				<string>YES</string>
				<key>CLANG_WARN_CONSTANT_CONVERSION</key>
				<string>YES</string>
				<key>CLANG_WARN_EMPTY_BODY</key>
				<string>YES</string>
				<key>CLANG_WARN_ENUM_CONVERSION</key>
				<string>YES</string>
				<key>CLANG_WARN_INT_CONVERSION</key>
				<string>YES</string>
				<key>CLANG_WARN__DUPLICATE_METHOD_MATCH</key>
				<string>YES</string>
				<key>CODE_SIGN_IDENTITY[sdk=iphoneos*]</key>
				<string>iPhone Developer</string>
				<key>COPY_PHASE_STRIP</key>
				<string>YES</string>
				<key>GCC_C_LANGUAGE_STANDARD</key>
				<string>gnu99</string>
				<key>GCC_WARN_ABOUT_RETURN_TYPE</key>
				<string>YES</string>
				<key>GCC_WARN_UNINITIALIZED_AUTOS</key>
				<string>YES</string>
				<key>GCC_WARN_UNUSED_VARIABLE</key>
				<string>YES</string>
				<key>IPHONEOS_DEPLOYMENT_TARGET</key>
				<string>6.1</string>
				<key>OTHER_CFLAGS</key>
				<string>-DNS_BLOCK_ASSERTIONS=1</string>
				<key>SDKROOT</key>
				<string>iphoneos</string>
				<key>VALIDATE_PRODUCT</key>
				<string>YES</string>
			</dict>
			<key>isa</key>
			<string>XCBuildConfiguration</string>
			<key>name</key>
			<string>Release</string>
		</dict>
		<key>84CD9508175FA31500FF737E</key>
		<dict>
			<key>buildConfigurations</key>
			<array>
				<string>84CD9509175FA31500FF737E</string>
				<string>84CD950A175FA31500FF737E</string>
			</array>
			<key>defaultConfigurationIsVisible</key>
			<string>0</string>
			<key>defaultConfigurationName</key>
			<string>Release</string>
			<key>isa</key>
			<string>XCConfigurationList</string>
		</dict>
		<key>84CD9509175FA31500FF737E</key>
		<dict>
			<key>baseConfigurationReference</key>
			<string>96220D58BFBE451690C8BF32</string>
			<key>buildSettings</key>
			<dict>
				<key>GCC_PRECOMPILE_PREFIX_HEADER</key>
				<string>YES</string>
				<key>GCC_PREFIX_HEADER</key>
				<string>SpreeMob/SpreeMob-Prefix.pch</string>
				<key>INFOPLIST_FILE</key>
				<string>SpreeMob/SpreeMob-Info.plist</string>
				<key>IPHONEOS_DEPLOYMENT_TARGET</key>
				<string>6.1</string>
				<key>PRODUCT_NAME</key>
				<string>$(TARGET_NAME)</string>
				<key>WRAPPER_EXTENSION</key>
				<string>app</string>
			</dict>
			<key>isa</key>
			<string>XCBuildConfiguration</string>
			<key>name</key>
			<string>Debug</string>
		</dict>
		<key>84CD950A175FA31500FF737E</key>
		<dict>
			<key>baseConfigurationReference</key>
			<string>96220D58BFBE451690C8BF32</string>
			<key>buildSettings</key>
			<dict>
				<key>GCC_PRECOMPILE_PREFIX_HEADER</key>
				<string>YES</string>
				<key>GCC_PREFIX_HEADER</key>
				<string>SpreeMob/SpreeMob-Prefix.pch</string>
				<key>INFOPLIST_FILE</key>
				<string>SpreeMob/SpreeMob-Info.plist</string>
				<key>IPHONEOS_DEPLOYMENT_TARGET</key>
				<string>6.1</string>
				<key>PRODUCT_NAME</key>
				<string>$(TARGET_NAME)</string>
				<key>WRAPPER_EXTENSION</key>
				<string>app</string>
			</dict>
			<key>isa</key>
			<string>XCBuildConfiguration</string>
			<key>name</key>
			<string>Release</string>
		</dict>
		<key>84CD950B175FA31500FF737E</key>
		<dict>
			<key>buildConfigurations</key>
			<array>
				<string>84CD950C175FA31500FF737E</string>
				<string>84CD950D175FA31500FF737E</string>
			</array>
			<key>defaultConfigurationIsVisible</key>
			<string>0</string>
			<key>defaultConfigurationName</key>
			<string>Release</string>
			<key>isa</key>
			<string>XCConfigurationList</string>
		</dict>
		<key>84CD950C175FA31500FF737E</key>
		<dict>
			<key>buildSettings</key>
			<dict>
				<key>BUNDLE_LOADER</key>
				<string>$(BUILT_PRODUCTS_DIR)/SpreeMob.app/SpreeMob</string>
				<key>FRAMEWORK_SEARCH_PATHS</key>
				<array>
					<string>"$(SDKROOT)/Developer/Library/Frameworks"</string>
					<string>"$(DEVELOPER_LIBRARY_DIR)/Frameworks"</string>
				</array>
				<key>GCC_PRECOMPILE_PREFIX_HEADER</key>
				<string>YES</string>
				<key>GCC_PREFIX_HEADER</key>
				<string>SpreeMob/SpreeMob-Prefix.pch</string>
				<key>INFOPLIST_FILE</key>
				<string>SpreeMobTests/SpreeMobTests-Info.plist</string>
				<key>PRODUCT_NAME</key>
				<string>$(TARGET_NAME)</string>
				<key>TEST_HOST</key>
				<string>$(BUNDLE_LOADER)</string>
				<key>WRAPPER_EXTENSION</key>
				<string>octest</string>
			</dict>
			<key>isa</key>
			<string>XCBuildConfiguration</string>
			<key>name</key>
			<string>Debug</string>
		</dict>
		<key>84CD950D175FA31500FF737E</key>
		<dict>
			<key>buildSettings</key>
			<dict>
				<key>BUNDLE_LOADER</key>
				<string>$(BUILT_PRODUCTS_DIR)/SpreeMob.app/SpreeMob</string>
				<key>FRAMEWORK_SEARCH_PATHS</key>
				<array>
					<string>"$(SDKROOT)/Developer/Library/Frameworks"</string>
					<string>"$(DEVELOPER_LIBRARY_DIR)/Frameworks"</string>
				</array>
				<key>GCC_PRECOMPILE_PREFIX_HEADER</key>
				<string>YES</string>
				<key>GCC_PREFIX_HEADER</key>
				<string>SpreeMob/SpreeMob-Prefix.pch</string>
				<key>INFOPLIST_FILE</key>
				<string>SpreeMobTests/SpreeMobTests-Info.plist</string>
				<key>PRODUCT_NAME</key>
				<string>$(TARGET_NAME)</string>
				<key>TEST_HOST</key>
				<string>$(BUNDLE_LOADER)</string>
				<key>WRAPPER_EXTENSION</key>
				<string>octest</string>
			</dict>
			<key>isa</key>
			<string>XCBuildConfiguration</string>
			<key>name</key>
			<string>Release</string>
		</dict>
		<key>900B3E3DAB0F4E3F85CD019F</key>
		<dict>
			<key>fileRef</key>
			<string>629B2A1203DC4536A643D217</string>
			<key>isa</key>
			<string>PBXBuildFile</string>
			<key>settings</key>
			<dict/>
		</dict>
		<key>96220D58BFBE451690C8BF32</key>
		<dict>
			<key>includeInIndex</key>
			<string>1</string>
			<key>isa</key>
			<string>PBXFileReference</string>
			<key>lastKnownFileType</key>
			<string>text.xcconfig</string>
			<key>name</key>
			<string>Pods.xcconfig</string>
			<key>path</key>
			<string>Pods/Pods.xcconfig</string>
			<key>sourceTree</key>
			<string>SOURCE_ROOT</string>
		</dict>
		<key>F4C5D70232EA4FD78DD79E7F</key>
		<dict>
			<key>buildActionMask</key>
			<string>2147483647</string>
			<key>files</key>
			<array/>
			<key>inputPaths</key>
			<array/>
			<key>isa</key>
			<string>PBXShellScriptBuildPhase</string>
			<key>name</key>
			<string>Copy Pods Resources</string>
			<key>outputPaths</key>
			<array/>
			<key>runOnlyForDeploymentPostprocessing</key>
			<string>0</string>
			<key>shellPath</key>
			<string>/bin/sh</string>
			<key>shellScript</key>
			<string>"${SRCROOT}/Pods/Pods-resources.sh"
</string>
			<key>showEnvVarsInLog</key>
			<string>1</string>
		</dict>
	</dict>
	<key>rootObject</key>
	<string>84CD94C8175FA31500FF737E</string>
</dict>
</plist>
